<?xml version="1.0" encoding="utf-8"?>
<Project ToolsVersion="15.0" xmlns="http://schemas.microsoft.com/developer/msbuild/2003">
  <ItemGroup>
    <ClCompile Include="D:\Work\Github\OpenGLEngine\ExternalResources\assimp-master\tools\assimp_view\AnimEvaluator.cpp">
      <Filter>Source Files</Filter>
    </ClCompile>
    <ClCompile Include="D:\Work\Github\OpenGLEngine\ExternalResources\assimp-master\tools\assimp_view\Background.cpp">
      <Filter>Source Files</Filter>
    </ClCompile>
    <ClCompile Include="D:\Work\Github\OpenGLEngine\ExternalResources\assimp-master\tools\assimp_view\Display.cpp">
      <Filter>Source Files</Filter>
    </ClCompile>
    <ClCompile Include="D:\Work\Github\OpenGLEngine\ExternalResources\assimp-master\tools\assimp_view\HelpDialog.cpp">
      <Filter>Source Files</Filter>
    </ClCompile>
    <ClCompile Include="D:\Work\Github\OpenGLEngine\ExternalResources\assimp-master\tools\assimp_view\Input.cpp">
      <Filter>Source Files</Filter>
    </ClCompile>
    <ClCompile Include="D:\Work\Github\OpenGLEngine\ExternalResources\assimp-master\tools\assimp_view\LogDisplay.cpp">
      <Filter>Source Files</Filter>
    </ClCompile>
    <ClCompile Include="D:\Work\Github\OpenGLEngine\ExternalResources\assimp-master\tools\assimp_view\LogWindow.cpp">
      <Filter>Source Files</Filter>
    </ClCompile>
    <ClCompile Include="D:\Work\Github\OpenGLEngine\ExternalResources\assimp-master\tools\assimp_view\Material.cpp">
      <Filter>Source Files</Filter>
    </ClCompile>
    <ClCompile Include="D:\Work\Github\OpenGLEngine\ExternalResources\assimp-master\tools\assimp_view\MeshRenderer.cpp">
      <Filter>Source Files</Filter>
    </ClCompile>
    <ClCompile Include="D:\Work\Github\OpenGLEngine\ExternalResources\assimp-master\tools\assimp_view\MessageProc.cpp">
      <Filter>Source Files</Filter>
    </ClCompile>
    <ClCompile Include="D:\Work\Github\OpenGLEngine\ExternalResources\assimp-master\tools\assimp_view\Normals.cpp">
      <Filter>Source Files</Filter>
    </ClCompile>
    <ClCompile Include="D:\Work\Github\OpenGLEngine\ExternalResources\assimp-master\tools\assimp_view\SceneAnimator.cpp">
      <Filter>Source Files</Filter>
    </ClCompile>
    <ClCompile Include="D:\Work\Github\OpenGLEngine\ExternalResources\assimp-master\tools\assimp_view\Shaders.cpp">
      <Filter>Source Files</Filter>
    </ClCompile>
    <ClCompile Include="D:\Work\Github\OpenGLEngine\ExternalResources\assimp-master\tools\assimp_view\assimp_view.cpp">
      <Filter>Source Files</Filter>
    </ClCompile>
    <ClCompile Include="D:\Work\Github\OpenGLEngine\ExternalResources\assimp-master\tools\assimp_view\stdafx.cpp">
      <Filter>Source Files</Filter>
    </ClCompile>
  </ItemGroup>
  <ItemGroup>
    <ClInclude Include="D:\Work\Github\OpenGLEngine\ExternalResources\assimp-master\tools\assimp_view\assimp_view.h">
      <Filter>Header Files</Filter>
    </ClInclude>
  </ItemGroup>
  <ItemGroup>
    <CustomBuild Include="D:\Work\Github\OpenGLEngine\ExternalResources\assimp-master\tools\assimp_view\CMakeLists.txt" />
  </ItemGroup>
  <ItemGroup>
    <None Include="D:\Work\Github\OpenGLEngine\ExternalResources\assimp-master\tools\assimp_view\banner.bmp" />
    <None Include="D:\Work\Github\OpenGLEngine\ExternalResources\assimp-master\tools\assimp_view\banner_pure.bmp" />
    <None Include="D:\Work\Github\OpenGLEngine\ExternalResources\assimp-master\tools\assimp_view\base_anim.bmp" />
    <None Include="D:\Work\Github\OpenGLEngine\ExternalResources\assimp-master\tools\assimp_view\base_display.bmp" />
    <None Include="D:\Work\Github\OpenGLEngine\ExternalResources\assimp-master\tools\assimp_view\base_inter.bmp" />
    <None Include="D:\Work\Github\OpenGLEngine\ExternalResources\assimp-master\tools\assimp_view\base_rendering.bmp" />
    <None Include="D:\Work\Github\OpenGLEngine\ExternalResources\assimp-master\tools\assimp_view\base_stats.bmp" />
    <None Include="D:\Work\Github\OpenGLEngine\ExternalResources\assimp-master\tools\assimp_view\fx.bmp" />
    <None Include="D:\Work\Github\OpenGLEngine\ExternalResources\assimp-master\tools\assimp_view\n.bmp" />
    <None Include="D:\Work\Github\OpenGLEngine\ExternalResources\assimp-master\tools\assimp_view\root.bmp" />
    <None Include="D:\Work\Github\OpenGLEngine\ExternalResources\assimp-master\tools\assimp_view\tx.bmp" />
    <None Include="D:\Work\Github\OpenGLEngine\ExternalResources\assimp-master\tools\assimp_view\txi.bmp" />
  </ItemGroup>
  <ItemGroup>
    <ResourceCompile Include="D:\Work\Github\OpenGLEngine\ExternalResources\assimp-master\tools\assimp_view\assimp_view.rc">
      <Filter>Source Files</Filter>
    </ResourceCompile>
  </ItemGroup>
  <ItemGroup>
    <Filter Include="Header Files">
      <UniqueIdentifier>{8B21F285-0B5C-31A2-805A-8055E8A0D58E}</UniqueIdentifier>
    </Filter>
    <Filter Include="Source Files">
      <UniqueIdentifier>{329C43F4-C891-36CC-8532-6F490B1BF805}</UniqueIdentifier>
    </Filter>
  </ItemGroup>
</Project>
