<?xml version="1.0" encoding="utf-8"?>
<Project ToolsVersion="4.0" xmlns="http://schemas.microsoft.com/developer/msbuild/2003">
  <ItemGroup>
    <ClCompile Include="AssetLoader.cpp" />
    <ClCompile Include="BungeeChordSystem.cpp" />
    <ClCompile Include="BuoyancySystem.cpp" />
    <ClCompile Include="CableSystem.cpp" />
    <ClCompile Include="Color.cpp" />
    <ClCompile Include="DragForceSystem.cpp" />
    <ClCompile Include="DynamicDirectionalLightSystem.cpp" />
    <ClCompile Include="DynamicPointLightSystem.cpp" />
    <ClCompile Include="DynamicSpotLightSystem.cpp" />
    <ClCompile Include="FireworksSystem.cpp" />
    <ClCompile Include="FixedSpringSystem.cpp" />
    <ClCompile Include="ForceAccumulatorSystem.cpp" />
    <ClCompile Include="FPSControlSystem.cpp" />
    <ClCompile Include="glad.c" />
    <ClCompile Include="GravityForceSystem.cpp" />
    <ClCompile Include="InputEventSystem.cpp" />
    <ClCompile Include="Main.cpp" />
    <ClCompile Include="Material.cpp" />
    <ClCompile Include="Mesh.cpp" />
    <ClCompile Include="Mix\Component.cpp" />
    <ClCompile Include="Mix\Entity.cpp" />
    <ClCompile Include="Mix\Event.cpp" />
    <ClCompile Include="Mix\System.cpp" />
    <ClCompile Include="Mix\World.cpp" />
    <ClCompile Include="Model.cpp" />
    <ClCompile Include="NBodySystem.cpp" />
    <ClCompile Include="PairedBungeeChordSystem.cpp" />
    <ClCompile Include="PairedSpringSystem.cpp" />
    <ClCompile Include="ParticleContactResolutionSystem.cpp" />
    <ClCompile Include="ParticleSphereSystem.cpp" />
    <ClCompile Include="ParticleSystem.cpp" />
    <ClCompile Include="RenderingSystem.cpp" />
    <ClCompile Include="RenderUtil.cpp" />
    <ClCompile Include="ResetPenetrationDeltaMoveSystem.cpp" />
    <ClCompile Include="RodSystem.cpp" />
    <ClCompile Include="RotateSystem.cpp" />
    <ClCompile Include="Shader.cpp" />
    <ClCompile Include="Texture.cpp" />
    <ClCompile Include="Window.cpp" />
    <ClCompile Include="TriangleOfBridgeSystem.cpp" />
  </ItemGroup>
  <ItemGroup>
    <ClInclude Include="AssetLoader.h" />
    <ClInclude Include="BungeeChordComponent.h" />
    <ClInclude Include="BungeeChordSystem.h" />
    <ClInclude Include="BuoyancyComponent.h" />
    <ClInclude Include="BuoyancySystem.h" />
    <ClInclude Include="CableComponent.h" />
    <ClInclude Include="CableSystem.h" />
    <ClInclude Include="Camera.h" />
    <ClInclude Include="Color.h" />
    <ClInclude Include="DirectionalLightComponent.h" />
    <ClInclude Include="DragForceComponent.h" />
    <ClInclude Include="DragForceSystem.h" />
    <ClInclude Include="DynamicDirectionalLightSystem.h" />
    <ClInclude Include="DynamicPointLightComponent.h" />
    <ClInclude Include="DynamicPointLightSystem.h" />
    <ClInclude Include="DynamicSpotLightComponent.h" />
    <ClInclude Include="DynamicSpotLightSystem.h" />
    <ClInclude Include="ECSConfig.h" />
    <ClInclude Include="FireworksComponent.h" />
    <ClInclude Include="FireworksSystem.h" />
    <ClInclude Include="FixedSpringComponent.h" />
    <ClInclude Include="FixedSpringSystem.h" />
    <ClInclude Include="ForceAccumulatorComponent.h" />
    <ClInclude Include="ForceAccumulatorSystem.h" />
    <ClInclude Include="FPSControlComponent.h" />
    <ClInclude Include="FPSControlSystem.h" />
    <ClInclude Include="GravityForceComponent.h" />
    <ClInclude Include="GravityForceSystem.h" />
    <ClInclude Include="InputEventSystem.h" />
    <ClInclude Include="Mesh.h" />
    <ClInclude Include="MeshComponent.h" />
    <ClInclude Include="Mix\Component.h" />
    <ClInclude Include="Mix\Config.h" />
    <ClInclude Include="Mix\Entity.h" />
    <ClInclude Include="Mix\Event.h" />
    <ClInclude Include="Mix\Pool.h" />
    <ClInclude Include="Mix\System.h" />
    <ClInclude Include="Mix\World.h" />
    <ClInclude Include="Model.h" />
    <ClInclude Include="MouseMoveEvent.h" />
    <ClInclude Include="NBodyComponent.h" />
    <ClInclude Include="NBodySystem.h" />
    <ClInclude Include="PairedBungeeChordComponent.h" />
    <ClInclude Include="PairedBungeeChordSystem.h" />
    <ClInclude Include="PairedSpringComponent.h" />
    <ClInclude Include="PairedSpringSystem.h" />
    <ClInclude Include="ParticleComponent.h" />
    <ClInclude Include="ParticleContactEvent.h" />
    <ClInclude Include="ParticleContactResolutionSystem.h" />
    <ClInclude Include="ParticleSphereComponent.h" />
    <ClInclude Include="ParticleSphereSystem.h" />
    <ClInclude Include="ParticleSystem.h" />
    <ClInclude Include="PenetrationDeltaMoveComponent.h" />
    <ClInclude Include="RenderingSystem.h" />
    <ClInclude Include="RenderUtil.h" />
    <ClInclude Include="Material.h" />
    <ClInclude Include="ResetPenetrationDeltaMoveSystem.h" />
    <ClInclude Include="RodComponent.h" />
    <ClInclude Include="RodSystem.h" />
    <ClInclude Include="RotateComponent.h" />
    <ClInclude Include="RotateSystem.h" />
    <ClInclude Include="Shader.h" />
    <ClInclude Include="Shadinclude.hpp" />
    <ClInclude Include="stb_image.h" />
    <ClInclude Include="Texture.h" />
    <ClInclude Include="TransformComponent.h" />
    <ClInclude Include="Window.h" />
    <ClInclude Include="WorldData.h" />
    <ClInclude Include="TriangleOfBridgeComponent.h" />
    <ClInclude Include="TriangleOfBridgeSystem.h" />
  </ItemGroup>
  <ItemGroup>
    <None Include="Shaders\FragmentConstant.fs" />
    <None Include="Shaders\fragmentDefault.fs" />
    <None Include="Shaders\Lamp.fs" />
    <None Include="Shaders\Lamp.vs" />
    <None Include="Shaders\Lighting_Maps.fs" />
    <None Include="Shaders\Lighting_Maps.vs" />
    <None Include="Shaders\SimpleVertex.vs" />
    <None Include="Shaders\vertexDefault.vs" />
    <None Include="text.fs" />
    <None Include="text.vs" />
  </ItemGroup>
</Project>