<?xml version="1.0" encoding="utf-8"?>
<Project ToolsVersion="4.0" xmlns="http://schemas.microsoft.com/developer/msbuild/2003">
  <ItemGroup>
    <Filter Include="Source Files">
      <UniqueIdentifier>{4FC737F1-C7A5-4376-A066-2A32D752A2FF}</UniqueIdentifier>
      <Extensions>cpp;c;cc;cxx;def;odl;idl;hpj;bat;asm;asmx</Extensions>
    </Filter>
    <Filter Include="Header Files">
      <UniqueIdentifier>{93995380-89BD-4b04-88EB-625FBE52EBFB}</UniqueIdentifier>
      <Extensions>h;hh;hpp;hxx;hm;inl;inc;ipp;xsd</Extensions>
    </Filter>
    <Filter Include="Resource Files">
      <UniqueIdentifier>{67DA6AB6-F800-4c08-8B7A-83BB121AAD01}</UniqueIdentifier>
      <Extensions>rc;ico;cur;bmp;dlg;rc2;rct;bin;rgs;gif;jpg;jpeg;jpe;resx;tiff;tif;png;wav;mfcribbon-ms</Extensions>
    </Filter>
    <Filter Include="Shaders">
      <UniqueIdentifier>{f5f91895-769b-4e5d-ba26-2e5ae9b27d4b}</UniqueIdentifier>
    </Filter>
    <Filter Include="Resources">
      <UniqueIdentifier>{4908f04b-fde2-4c3c-aee0-85a0d4fe4985}</UniqueIdentifier>
    </Filter>
    <Filter Include="ECSCore">
      <UniqueIdentifier>{3e028a8c-baa4-4fc3-bd18-fe7b14239d28}</UniqueIdentifier>
    </Filter>
    <Filter Include="Rendering">
      <UniqueIdentifier>{db276a7f-edce-43c9-ae12-65e1b140881e}</UniqueIdentifier>
    </Filter>
    <Filter Include="ComponentsCore">
      <UniqueIdentifier>{db2edee8-1859-4e65-b307-c403f18f9748}</UniqueIdentifier>
    </Filter>
    <Filter Include="Mix">
      <UniqueIdentifier>{f8a9d179-76b0-4e0e-a76c-a1a25c3113a1}</UniqueIdentifier>
    </Filter>
    <Filter Include="Physics">
      <UniqueIdentifier>{e52077c3-76ae-4886-a342-fbe29e147594}</UniqueIdentifier>
    </Filter>
    <Filter Include="TestCS">
      <UniqueIdentifier>{f1bb8739-5560-4299-ba72-675bd37e40e5}</UniqueIdentifier>
    </Filter>
    <Filter Include="Physics\Particles">
      <UniqueIdentifier>{95539126-9b92-4bc9-a37c-8c78d512b869}</UniqueIdentifier>
    </Filter>
    <Filter Include="Input">
      <UniqueIdentifier>{09a9940b-c17f-43c0-becf-d8da8efa3d30}</UniqueIdentifier>
    </Filter>
    <Filter Include="Physics\Rigidbody">
      <UniqueIdentifier>{3f5a8043-c367-47f5-bbe1-005323d21b00}</UniqueIdentifier>
    </Filter>
    <Filter Include="Physics\Particles\ForceGenerators">
      <UniqueIdentifier>{3b57134f-d90e-46bd-8888-c0777df6a173}</UniqueIdentifier>
    </Filter>
    <Filter Include="TestCS\FireWorksDemo">
      <UniqueIdentifier>{2a1ab3ed-c9b4-469a-8efb-a6ad96814ca1}</UniqueIdentifier>
    </Filter>
    <Filter Include="TestCS\Buoyancy">
      <UniqueIdentifier>{41c900fc-d197-4e0c-b2ba-f8f6fbef6526}</UniqueIdentifier>
    </Filter>
    <Filter Include="TestCS\Buoyancy\NBodies">
      <UniqueIdentifier>{1be5f35d-ed80-4f0e-9b11-9356fed8fd5f}</UniqueIdentifier>
    </Filter>
  </ItemGroup>
  <ItemGroup>
    <ClCompile Include="glad.c">
      <Filter>Source Files</Filter>
    </ClCompile>
    <ClCompile Include="Main.cpp">
      <Filter>Source Files</Filter>
    </ClCompile>
    <ClCompile Include="Mix\Component.cpp">
      <Filter>Mix</Filter>
    </ClCompile>
    <ClCompile Include="Mix\Entity.cpp">
      <Filter>Mix</Filter>
    </ClCompile>
    <ClCompile Include="Mix\Event.cpp">
      <Filter>Mix</Filter>
    </ClCompile>
    <ClCompile Include="Mix\System.cpp">
      <Filter>Mix</Filter>
    </ClCompile>
    <ClCompile Include="Mix\World.cpp">
      <Filter>Mix</Filter>
    </ClCompile>
    <ClCompile Include="RenderingSystem.cpp">
      <Filter>Rendering</Filter>
    </ClCompile>
    <ClCompile Include="RenderUtil.cpp">
      <Filter>Rendering</Filter>
    </ClCompile>
    <ClCompile Include="Window.cpp">
      <Filter>ECSCore</Filter>
    </ClCompile>
    <ClCompile Include="InputEventSystem.cpp">
      <Filter>Input</Filter>
    </ClCompile>
    <ClCompile Include="Model.cpp">
      <Filter>Rendering</Filter>
    </ClCompile>
    <ClCompile Include="Texture.cpp">
      <Filter>Rendering</Filter>
    </ClCompile>
    <ClCompile Include="Material.cpp">
      <Filter>Rendering</Filter>
    </ClCompile>
    <ClCompile Include="AssetLoader.cpp">
      <Filter>Rendering</Filter>
    </ClCompile>
    <ClCompile Include="Mesh.cpp">
      <Filter>Rendering</Filter>
    </ClCompile>
    <ClCompile Include="DynamicDirectionalLightSystem.cpp">
      <Filter>Rendering</Filter>
    </ClCompile>
    <ClCompile Include="DynamicPointLightSystem.cpp">
      <Filter>Rendering</Filter>
    </ClCompile>
    <ClCompile Include="DynamicSpotLightSystem.cpp">
      <Filter>Rendering</Filter>
    </ClCompile>
    <ClCompile Include="Color.cpp">
      <Filter>Rendering</Filter>
    </ClCompile>
    <ClCompile Include="Shader.cpp">
      <Filter>Rendering</Filter>
    </ClCompile>
    <ClCompile Include="FPSControlSystem.cpp">
      <Filter>TestCS</Filter>
    </ClCompile>
    <ClCompile Include="RotateSystem.cpp">
      <Filter>TestCS</Filter>
    </ClCompile>
    <ClCompile Include="ParticleSystem.cpp">
      <Filter>Physics\Particles</Filter>
    </ClCompile>
    <ClCompile Include="ForceAccumulatorSystem.cpp">
      <Filter>Physics\Particles</Filter>
    </ClCompile>
    <ClCompile Include="GravityForceSystem.cpp">
      <Filter>Physics\Particles\ForceGenerators</Filter>
    </ClCompile>
    <ClCompile Include="FireworksSystem.cpp">
      <Filter>TestCS\FireWorksDemo</Filter>
    </ClCompile>
    <ClCompile Include="DragForceSystem.cpp">
      <Filter>Physics\Particles\ForceGenerators</Filter>
    </ClCompile>
    <ClCompile Include="FixedSpringSystem.cpp">
      <Filter>Physics\Particles\ForceGenerators</Filter>
    </ClCompile>
    <ClCompile Include="PairedSpringSystem.cpp">
      <Filter>Physics\Particles\ForceGenerators</Filter>
    </ClCompile>
    <ClCompile Include="BuoyancyForceSystem.cpp">
      <Filter>TestCS\Buoyancy</Filter>
    </ClCompile>
    <ClCompile Include="NBodySystem.cpp">
      <Filter>TestCS\Buoyancy\NBodies</Filter>
    </ClCompile>
  </ItemGroup>
  <ItemGroup>
    <ClInclude Include="stb_image.h">
      <Filter>Source Files</Filter>
    </ClInclude>
    <ClInclude Include="Camera.h">
      <Filter>Header Files</Filter>
    </ClInclude>
    <ClInclude Include="ECSConfig.h">
      <Filter>ECSCore</Filter>
    </ClInclude>
    <ClInclude Include="MeshComponent.h">
      <Filter>Rendering</Filter>
    </ClInclude>
    <ClInclude Include="TransformComponent.h">
      <Filter>ComponentsCore</Filter>
    </ClInclude>
    <ClInclude Include="WorldData.h">
      <Filter>ECSCore</Filter>
    </ClInclude>
    <ClInclude Include="Mix\Component.h">
      <Filter>Mix</Filter>
    </ClInclude>
    <ClInclude Include="Mix\Config.h">
      <Filter>Mix</Filter>
    </ClInclude>
    <ClInclude Include="Mix\Entity.h">
      <Filter>Mix</Filter>
    </ClInclude>
    <ClInclude Include="Mix\Event.h">
      <Filter>Mix</Filter>
    </ClInclude>
    <ClInclude Include="Mix\Pool.h">
      <Filter>Mix</Filter>
    </ClInclude>
    <ClInclude Include="Mix\System.h">
      <Filter>Mix</Filter>
    </ClInclude>
    <ClInclude Include="Mix\World.h">
      <Filter>Mix</Filter>
    </ClInclude>
    <ClInclude Include="RenderingSystem.h">
      <Filter>Rendering</Filter>
    </ClInclude>
    <ClInclude Include="Mesh.h">
      <Filter>Rendering</Filter>
    </ClInclude>
    <ClInclude Include="Texture.h">
      <Filter>Rendering</Filter>
    </ClInclude>
    <ClInclude Include="RenderUtil.h">
      <Filter>Rendering</Filter>
    </ClInclude>
    <ClInclude Include="Shadinclude.hpp">
      <Filter>Rendering</Filter>
    </ClInclude>
    <ClInclude Include="Model.h">
      <Filter>Rendering</Filter>
    </ClInclude>
    <ClInclude Include="Color.h">
      <Filter>Rendering</Filter>
    </ClInclude>
    <ClInclude Include="Window.h">
      <Filter>ECSCore</Filter>
    </ClInclude>
    <ClInclude Include="InputEventSystem.h">
      <Filter>Input</Filter>
    </ClInclude>
    <ClInclude Include="MouseMoveEvent.h">
      <Filter>Input</Filter>
    </ClInclude>
    <ClInclude Include="Material.h">
      <Filter>Rendering</Filter>
    </ClInclude>
    <ClInclude Include="AssetLoader.h">
      <Filter>Rendering</Filter>
    </ClInclude>
    <ClInclude Include="DirectionalLightComponent.h">
      <Filter>Rendering</Filter>
    </ClInclude>
    <ClInclude Include="DynamicDirectionalLightSystem.h">
      <Filter>Rendering</Filter>
    </ClInclude>
    <ClInclude Include="DynamicPointLightComponent.h">
      <Filter>Rendering</Filter>
    </ClInclude>
    <ClInclude Include="DynamicPointLightSystem.h">
      <Filter>Rendering</Filter>
    </ClInclude>
    <ClInclude Include="DynamicSpotLightComponent.h">
      <Filter>Rendering</Filter>
    </ClInclude>
    <ClInclude Include="DynamicSpotLightSystem.h">
      <Filter>Rendering</Filter>
    </ClInclude>
    <ClInclude Include="Shader.h">
      <Filter>Rendering</Filter>
    </ClInclude>
    <ClInclude Include="FPSControlComponent.h">
      <Filter>TestCS</Filter>
    </ClInclude>
    <ClInclude Include="FPSControlSystem.h">
      <Filter>TestCS</Filter>
    </ClInclude>
    <ClInclude Include="RotateComponent.h">
      <Filter>TestCS</Filter>
    </ClInclude>
    <ClInclude Include="RotateSystem.h">
      <Filter>TestCS</Filter>
    </ClInclude>
    <ClInclude Include="ParticleComponent.h">
      <Filter>Physics\Particles</Filter>
    </ClInclude>
    <ClInclude Include="ParticleSystem.h">
      <Filter>Physics\Particles</Filter>
    </ClInclude>
    <ClInclude Include="ForceAccumulatorComponent.h">
      <Filter>Physics\Particles</Filter>
    </ClInclude>
    <ClInclude Include="ForceAccumulatorSystem.h">
      <Filter>Physics\Particles</Filter>
    </ClInclude>
    <ClInclude Include="GravityForceComponent.h">
      <Filter>Physics\Particles\ForceGenerators</Filter>
    </ClInclude>
    <ClInclude Include="GravityForceSystem.h">
      <Filter>Physics\Particles\ForceGenerators</Filter>
    </ClInclude>
    <ClInclude Include="FireworksComponent.h">
      <Filter>TestCS\FireWorksDemo</Filter>
    </ClInclude>
    <ClInclude Include="FireworksSystem.h">
      <Filter>TestCS\FireWorksDemo</Filter>
    </ClInclude>
    <ClInclude Include="DragForceComponent.h">
      <Filter>Physics\Particles\ForceGenerators</Filter>
    </ClInclude>
    <ClInclude Include="DragForceSystem.h">
      <Filter>Physics\Particles\ForceGenerators</Filter>
    </ClInclude>
    <ClInclude Include="FixedSpringComponent.h">
      <Filter>Physics\Particles\ForceGenerators</Filter>
    </ClInclude>
    <ClInclude Include="FixedSpringSystem.h">
      <Filter>Physics\Particles\ForceGenerators</Filter>
    </ClInclude>
    <ClInclude Include="PairedSpringComponent.h">
      <Filter>Physics\Particles\ForceGenerators</Filter>
    </ClInclude>
    <ClInclude Include="PairedSpringSystem.h">
      <Filter>Physics\Particles\ForceGenerators</Filter>
    </ClInclude>
    <ClInclude Include="BuoyancyComponent.h">
      <Filter>TestCS\Buoyancy</Filter>
    </ClInclude>
    <ClInclude Include="BuoyancyForceSystem.h">
      <Filter>TestCS\Buoyancy</Filter>
    </ClInclude>
    <ClInclude Include="NBodyComponent.h">
      <Filter>TestCS\Buoyancy\NBodies</Filter>
    </ClInclude>
    <ClInclude Include="NBodySystem.h">
      <Filter>TestCS\Buoyancy\NBodies</Filter>
    </ClInclude>
  </ItemGroup>
  <ItemGroup>
    <None Include="Shaders\Lighting_Maps.vs">
      <Filter>Shaders</Filter>
    </None>
    <None Include="Shaders\Lighting_Maps.fs">
      <Filter>Shaders</Filter>
    </None>
    <None Include="Shaders\Lamp.vs">
      <Filter>Shaders</Filter>
    </None>
    <None Include="Shaders\Lamp.fs">
      <Filter>Shaders</Filter>
    </None>
    <None Include="Shaders\vertexDefault.vs">
      <Filter>Shaders</Filter>
    </None>
    <None Include="Shaders\fragmentDefault.fs">
      <Filter>Shaders</Filter>
    </None>
    <None Include="Shaders\FragmentConstant.fs">
      <Filter>Shaders</Filter>
    </None>
    <None Include="Shaders\SimpleVertex.vs">
      <Filter>Shaders</Filter>
    </None>
    <None Include="text.vs">
      <Filter>Shaders</Filter>
    </None>
    <None Include="text.fs">
      <Filter>Shaders</Filter>
    </None>
  </ItemGroup>
</Project>