<?xml version="1.0" encoding="utf-8"?>
<Project ToolsVersion="15.0" xmlns="http://schemas.microsoft.com/developer/msbuild/2003">
  <ItemGroup>
    <ClCompile Include="D:\Work\Github\OpenGLEngine\ExternalResources\assimp-master\contrib\irrXML\irrXML.cpp">
      <Filter>Source Files</Filter>
    </ClCompile>
  </ItemGroup>
  <ItemGroup>
    <ClInclude Include="D:\Work\Github\OpenGLEngine\ExternalResources\assimp-master\contrib\irrXML\CXMLReaderImpl.h">
      <Filter>Header Files</Filter>
    </ClInclude>
    <ClInclude Include="D:\Work\Github\OpenGLEngine\ExternalResources\assimp-master\contrib\irrXML\heapsort.h">
      <Filter>Header Files</Filter>
    </ClInclude>
    <ClInclude Include="D:\Work\Github\OpenGLEngine\ExternalResources\assimp-master\contrib\irrXML\irrArray.h">
      <Filter>Header Files</Filter>
    </ClInclude>
    <ClInclude Include="D:\Work\Github\OpenGLEngine\ExternalResources\assimp-master\contrib\irrXML\irrString.h">
      <Filter>Header Files</Filter>
    </ClInclude>
    <ClInclude Include="D:\Work\Github\OpenGLEngine\ExternalResources\assimp-master\contrib\irrXML\irrTypes.h">
      <Filter>Header Files</Filter>
    </ClInclude>
    <ClInclude Include="D:\Work\Github\OpenGLEngine\ExternalResources\assimp-master\contrib\irrXML\irrXML.h">
      <Filter>Header Files</Filter>
    </ClInclude>
  </ItemGroup>
  <ItemGroup>
    <CustomBuild Include="D:\Work\Github\OpenGLEngine\ExternalResources\assimp-master\contrib\irrXML\CMakeLists.txt" />
  </ItemGroup>
  <ItemGroup>
    <Filter Include="Header Files">
      <UniqueIdentifier>{8B21F285-0B5C-31A2-805A-8055E8A0D58E}</UniqueIdentifier>
    </Filter>
    <Filter Include="Source Files">
      <UniqueIdentifier>{329C43F4-C891-36CC-8532-6F490B1BF805}</UniqueIdentifier>
    </Filter>
  </ItemGroup>
</Project>
