<?xml version="1.0" encoding="utf-8"?>
<Project ToolsVersion="15.0" xmlns="http://schemas.microsoft.com/developer/msbuild/2003">
  <ItemGroup>
    <ClCompile Include="D:\Work\Github\OpenGLEngine\ExternalResources\assimp-master\contrib\gtest\src\gtest-all.cc">
      <Filter>Source Files</Filter>
    </ClCompile>
    <ClCompile Include="D:\Work\Github\OpenGLEngine\ExternalResources\assimp-master\test\unit\CCompilerTest.c">
      <Filter>UnitTests\Compiler</Filter>
    </ClCompile>
    <ClCompile Include="D:\Work\Github\OpenGLEngine\ExternalResources\assimp-master\test\unit\Main.cpp">
      <Filter>Source Files</Filter>
    </ClCompile>
    <ClCompile Include="D:\Work\Github\OpenGLEngine\ExternalResources\assimp-master\code\Common\Version.cpp">
      <Filter>Source Files</Filter>
    </ClCompile>
    <ClCompile Include="D:\Work\Github\OpenGLEngine\ExternalResources\assimp-master\test\unit\utSimd.cpp">
      <Filter>UnitTests\Common</Filter>
    </ClCompile>
    <ClCompile Include="D:\Work\Github\OpenGLEngine\ExternalResources\assimp-master\test\unit\utIOSystem.cpp">
      <Filter>UnitTests\Common</Filter>
    </ClCompile>
    <ClCompile Include="D:\Work\Github\OpenGLEngine\ExternalResources\assimp-master\test\unit\utIOStreamBuffer.cpp">
      <Filter>UnitTests\Common</Filter>
    </ClCompile>
    <ClCompile Include="D:\Work\Github\OpenGLEngine\ExternalResources\assimp-master\test\unit\utIssues.cpp">
      <Filter>UnitTests\Common</Filter>
    </ClCompile>
    <ClCompile Include="D:\Work\Github\OpenGLEngine\ExternalResources\assimp-master\test\unit\utAnim.cpp">
      <Filter>UnitTests\Common</Filter>
    </ClCompile>
    <ClCompile Include="D:\Work\Github\OpenGLEngine\ExternalResources\assimp-master\test\unit\AssimpAPITest.cpp">
      <Filter>UnitTests\Common</Filter>
    </ClCompile>
    <ClCompile Include="D:\Work\Github\OpenGLEngine\ExternalResources\assimp-master\test\unit\utBatchLoader.cpp">
      <Filter>UnitTests\Common</Filter>
    </ClCompile>
    <ClCompile Include="D:\Work\Github\OpenGLEngine\ExternalResources\assimp-master\test\unit\utDefaultIOStream.cpp">
      <Filter>UnitTests\Common</Filter>
    </ClCompile>
    <ClCompile Include="D:\Work\Github\OpenGLEngine\ExternalResources\assimp-master\test\unit\utFastAtof.cpp">
      <Filter>UnitTests\Common</Filter>
    </ClCompile>
    <ClCompile Include="D:\Work\Github\OpenGLEngine\ExternalResources\assimp-master\test\unit\utMetadata.cpp">
      <Filter>UnitTests\Common</Filter>
    </ClCompile>
    <ClCompile Include="D:\Work\Github\OpenGLEngine\ExternalResources\assimp-master\test\unit\SceneDiffer.cpp">
      <Filter>UnitTests\Common</Filter>
    </ClCompile>
    <ClCompile Include="D:\Work\Github\OpenGLEngine\ExternalResources\assimp-master\test\unit\AbstractImportExportBase.cpp">
      <Filter>UnitTests\Common</Filter>
    </ClCompile>
    <ClCompile Include="D:\Work\Github\OpenGLEngine\ExternalResources\assimp-master\test\unit\utTypes.cpp">
      <Filter>UnitTests\Common</Filter>
    </ClCompile>
    <ClCompile Include="D:\Work\Github\OpenGLEngine\ExternalResources\assimp-master\test\unit\utVersion.cpp">
      <Filter>UnitTests\Common</Filter>
    </ClCompile>
    <ClCompile Include="D:\Work\Github\OpenGLEngine\ExternalResources\assimp-master\test\unit\utProfiler.cpp">
      <Filter>UnitTests\Common</Filter>
    </ClCompile>
    <ClCompile Include="D:\Work\Github\OpenGLEngine\ExternalResources\assimp-master\test\unit\utSharedPPData.cpp">
      <Filter>UnitTests\Common</Filter>
    </ClCompile>
    <ClCompile Include="D:\Work\Github\OpenGLEngine\ExternalResources\assimp-master\test\unit\utStringUtils.cpp">
      <Filter>UnitTests\Common</Filter>
    </ClCompile>
    <ClCompile Include="D:\Work\Github\OpenGLEngine\ExternalResources\assimp-master\test\unit\Common\utLineSplitter.cpp">
      <Filter>UnitTests\Common</Filter>
    </ClCompile>
    <ClCompile Include="D:\Work\Github\OpenGLEngine\ExternalResources\assimp-master\test\unit\utLWSImportExport.cpp">
      <Filter>UnitTests\ImportExport</Filter>
    </ClCompile>
    <ClCompile Include="D:\Work\Github\OpenGLEngine\ExternalResources\assimp-master\test\unit\utLWOImportExport.cpp">
      <Filter>UnitTests\ImportExport</Filter>
    </ClCompile>
    <ClCompile Include="D:\Work\Github\OpenGLEngine\ExternalResources\assimp-master\test\unit\utSMDImportExport.cpp">
      <Filter>UnitTests\ImportExport</Filter>
    </ClCompile>
    <ClCompile Include="D:\Work\Github\OpenGLEngine\ExternalResources\assimp-master\test\unit\utglTFImportExport.cpp">
      <Filter>UnitTests\ImportExport</Filter>
    </ClCompile>
    <ClCompile Include="D:\Work\Github\OpenGLEngine\ExternalResources\assimp-master\test\unit\utglTF2ImportExport.cpp">
      <Filter>UnitTests\ImportExport</Filter>
    </ClCompile>
    <ClCompile Include="D:\Work\Github\OpenGLEngine\ExternalResources\assimp-master\test\unit\utHMPImportExport.cpp">
      <Filter>UnitTests\ImportExport</Filter>
    </ClCompile>
    <ClCompile Include="D:\Work\Github\OpenGLEngine\ExternalResources\assimp-master\test\unit\utIFCImportExport.cpp">
      <Filter>UnitTests\ImportExport</Filter>
    </ClCompile>
    <ClCompile Include="D:\Work\Github\OpenGLEngine\ExternalResources\assimp-master\test\unit\utFBXImporterExporter.cpp">
      <Filter>UnitTests\ImportExport</Filter>
    </ClCompile>
    <ClCompile Include="D:\Work\Github\OpenGLEngine\ExternalResources\assimp-master\test\unit\utImporter.cpp">
      <Filter>UnitTests\ImportExport</Filter>
    </ClCompile>
    <ClCompile Include="D:\Work\Github\OpenGLEngine\ExternalResources\assimp-master\test\unit\ImportExport\utExporter.cpp">
      <Filter>UnitTests\ImportExport</Filter>
    </ClCompile>
    <ClCompile Include="D:\Work\Github\OpenGLEngine\ExternalResources\assimp-master\test\unit\ut3DImportExport.cpp">
      <Filter>UnitTests\ImportExport</Filter>
    </ClCompile>
    <ClCompile Include="D:\Work\Github\OpenGLEngine\ExternalResources\assimp-master\test\unit\ut3DSImportExport.cpp">
      <Filter>UnitTests\ImportExport</Filter>
    </ClCompile>
    <ClCompile Include="D:\Work\Github\OpenGLEngine\ExternalResources\assimp-master\test\unit\utACImportExport.cpp">
      <Filter>UnitTests\ImportExport</Filter>
    </ClCompile>
    <ClCompile Include="D:\Work\Github\OpenGLEngine\ExternalResources\assimp-master\test\unit\utAMFImportExport.cpp">
      <Filter>UnitTests\ImportExport</Filter>
    </ClCompile>
    <ClCompile Include="D:\Work\Github\OpenGLEngine\ExternalResources\assimp-master\test\unit\utASEImportExport.cpp">
      <Filter>UnitTests\ImportExport</Filter>
    </ClCompile>
    <ClCompile Include="D:\Work\Github\OpenGLEngine\ExternalResources\assimp-master\test\unit\utD3MFImportExport.cpp">
      <Filter>UnitTests\ImportExport</Filter>
    </ClCompile>
    <ClCompile Include="D:\Work\Github\OpenGLEngine\ExternalResources\assimp-master\test\unit\utQ3DImportExport.cpp">
      <Filter>UnitTests\ImportExport</Filter>
    </ClCompile>
    <ClCompile Include="D:\Work\Github\OpenGLEngine\ExternalResources\assimp-master\test\unit\utSTLImportExport.cpp">
      <Filter>UnitTests\ImportExport</Filter>
    </ClCompile>
    <ClCompile Include="D:\Work\Github\OpenGLEngine\ExternalResources\assimp-master\test\unit\utXImporterExporter.cpp">
      <Filter>UnitTests\ImportExport</Filter>
    </ClCompile>
    <ClCompile Include="D:\Work\Github\OpenGLEngine\ExternalResources\assimp-master\test\unit\utX3DImportExport.cpp">
      <Filter>UnitTests\ImportExport</Filter>
    </ClCompile>
    <ClCompile Include="D:\Work\Github\OpenGLEngine\ExternalResources\assimp-master\test\unit\utDXFImporterExporter.cpp">
      <Filter>UnitTests\ImportExport</Filter>
    </ClCompile>
    <ClCompile Include="D:\Work\Github\OpenGLEngine\ExternalResources\assimp-master\test\unit\utPMXImporter.cpp">
      <Filter>UnitTests\ImportExport</Filter>
    </ClCompile>
    <ClCompile Include="D:\Work\Github\OpenGLEngine\ExternalResources\assimp-master\test\unit\utPLYImportExport.cpp">
      <Filter>UnitTests\ImportExport</Filter>
    </ClCompile>
    <ClCompile Include="D:\Work\Github\OpenGLEngine\ExternalResources\assimp-master\test\unit\utObjImportExport.cpp">
      <Filter>UnitTests\ImportExport</Filter>
    </ClCompile>
    <ClCompile Include="D:\Work\Github\OpenGLEngine\ExternalResources\assimp-master\test\unit\utObjTools.cpp">
      <Filter>UnitTests\ImportExport</Filter>
    </ClCompile>
    <ClCompile Include="D:\Work\Github\OpenGLEngine\ExternalResources\assimp-master\test\unit\utOpenGEXImportExport.cpp">
      <Filter>UnitTests\ImportExport</Filter>
    </ClCompile>
    <ClCompile Include="D:\Work\Github\OpenGLEngine\ExternalResources\assimp-master\test\unit\utSIBImporter.cpp">
      <Filter>UnitTests\ImportExport</Filter>
    </ClCompile>
    <ClCompile Include="D:\Work\Github\OpenGLEngine\ExternalResources\assimp-master\test\unit\utBlenderIntermediate.cpp">
      <Filter>UnitTests\ImportExport</Filter>
    </ClCompile>
    <ClCompile Include="D:\Work\Github\OpenGLEngine\ExternalResources\assimp-master\test\unit\utBlendImportAreaLight.cpp">
      <Filter>UnitTests\ImportExport</Filter>
    </ClCompile>
    <ClCompile Include="D:\Work\Github\OpenGLEngine\ExternalResources\assimp-master\test\unit\utBlenderImportExport.cpp">
      <Filter>UnitTests\ImportExport</Filter>
    </ClCompile>
    <ClCompile Include="D:\Work\Github\OpenGLEngine\ExternalResources\assimp-master\test\unit\utBlendImportMaterials.cpp">
      <Filter>UnitTests\ImportExport</Filter>
    </ClCompile>
    <ClCompile Include="D:\Work\Github\OpenGLEngine\ExternalResources\assimp-master\test\unit\utBlenderWork.cpp">
      <Filter>UnitTests\ImportExport</Filter>
    </ClCompile>
    <ClCompile Include="D:\Work\Github\OpenGLEngine\ExternalResources\assimp-master\test\unit\utBVHImportExport.cpp">
      <Filter>UnitTests\ImportExport</Filter>
    </ClCompile>
    <ClCompile Include="D:\Work\Github\OpenGLEngine\ExternalResources\assimp-master\test\unit\utColladaExportCamera.cpp">
      <Filter>UnitTests\ImportExport</Filter>
    </ClCompile>
    <ClCompile Include="D:\Work\Github\OpenGLEngine\ExternalResources\assimp-master\test\unit\utColladaExportLight.cpp">
      <Filter>UnitTests\ImportExport</Filter>
    </ClCompile>
    <ClCompile Include="D:\Work\Github\OpenGLEngine\ExternalResources\assimp-master\test\unit\utColladaImportExport.cpp">
      <Filter>UnitTests\ImportExport</Filter>
    </ClCompile>
    <ClCompile Include="D:\Work\Github\OpenGLEngine\ExternalResources\assimp-master\test\unit\utCSMImportExport.cpp">
      <Filter>UnitTests\ImportExport</Filter>
    </ClCompile>
    <ClCompile Include="D:\Work\Github\OpenGLEngine\ExternalResources\assimp-master\test\unit\utB3DImportExport.cpp">
      <Filter>UnitTests\ImportExport</Filter>
    </ClCompile>
    <ClCompile Include="D:\Work\Github\OpenGLEngine\ExternalResources\assimp-master\test\unit\utMDCImportExport.cpp">
      <Filter>UnitTests\ImportExport</Filter>
    </ClCompile>
    <ClCompile Include="D:\Work\Github\OpenGLEngine\ExternalResources\assimp-master\test\unit\utAssbinImportExport.cpp">
      <Filter>UnitTests\ImportExport</Filter>
    </ClCompile>
    <ClCompile Include="D:\Work\Github\OpenGLEngine\ExternalResources\assimp-master\test\unit\ImportExport\utAssjsonImportExport.cpp">
      <Filter>UnitTests\ImportExport</Filter>
    </ClCompile>
    <ClCompile Include="D:\Work\Github\OpenGLEngine\ExternalResources\assimp-master\test\unit\ImportExport\utCOBImportExport.cpp">
      <Filter>UnitTests\ImportExport</Filter>
    </ClCompile>
    <ClCompile Include="D:\Work\Github\OpenGLEngine\ExternalResources\assimp-master\test\unit\ImportExport\utOgreImportExport.cpp">
      <Filter>UnitTests\ImportExport</Filter>
    </ClCompile>
    <ClCompile Include="D:\Work\Github\OpenGLEngine\ExternalResources\assimp-master\test\unit\ImportExport\utQ3BSPFileImportExport.cpp">
      <Filter>UnitTests\ImportExport</Filter>
    </ClCompile>
    <ClCompile Include="D:\Work\Github\OpenGLEngine\ExternalResources\assimp-master\test\unit\ImportExport\utOFFImportExport.cpp">
      <Filter>UnitTests\ImportExport</Filter>
    </ClCompile>
    <ClCompile Include="D:\Work\Github\OpenGLEngine\ExternalResources\assimp-master\test\unit\ImportExport\utNFFImportExport.cpp">
      <Filter>UnitTests\ImportExport</Filter>
    </ClCompile>
    <ClCompile Include="D:\Work\Github\OpenGLEngine\ExternalResources\assimp-master\test\unit\ImportExport\utXGLImportExport.cpp">
      <Filter>UnitTests\ImportExport</Filter>
    </ClCompile>
    <ClCompile Include="D:\Work\Github\OpenGLEngine\ExternalResources\assimp-master\test\unit\utMaterialSystem.cpp">
      <Filter>UnitTests\Material</Filter>
    </ClCompile>
    <ClCompile Include="D:\Work\Github\OpenGLEngine\ExternalResources\assimp-master\test\unit\utMatrix3x3.cpp">
      <Filter>UnitTests\Math</Filter>
    </ClCompile>
    <ClCompile Include="D:\Work\Github\OpenGLEngine\ExternalResources\assimp-master\test\unit\utMatrix4x4.cpp">
      <Filter>UnitTests\Math</Filter>
    </ClCompile>
    <ClCompile Include="D:\Work\Github\OpenGLEngine\ExternalResources\assimp-master\test\unit\utVector3.cpp">
      <Filter>UnitTests\Math</Filter>
    </ClCompile>
    <ClCompile Include="D:\Work\Github\OpenGLEngine\ExternalResources\assimp-master\test\unit\utImproveCacheLocality.cpp">
      <Filter>UnitTests\PostProcess</Filter>
    </ClCompile>
    <ClCompile Include="D:\Work\Github\OpenGLEngine\ExternalResources\assimp-master\test\unit\utFixInfacingNormals.cpp">
      <Filter>UnitTests\PostProcess</Filter>
    </ClCompile>
    <ClCompile Include="D:\Work\Github\OpenGLEngine\ExternalResources\assimp-master\test\unit\utGenNormals.cpp">
      <Filter>UnitTests\PostProcess</Filter>
    </ClCompile>
    <ClCompile Include="D:\Work\Github\OpenGLEngine\ExternalResources\assimp-master\test\unit\utTriangulate.cpp">
      <Filter>UnitTests\PostProcess</Filter>
    </ClCompile>
    <ClCompile Include="D:\Work\Github\OpenGLEngine\ExternalResources\assimp-master\test\unit\utTextureTransform.cpp">
      <Filter>UnitTests\PostProcess</Filter>
    </ClCompile>
    <ClCompile Include="D:\Work\Github\OpenGLEngine\ExternalResources\assimp-master\test\unit\utRemoveRedundantMaterials.cpp">
      <Filter>UnitTests\PostProcess</Filter>
    </ClCompile>
    <ClCompile Include="D:\Work\Github\OpenGLEngine\ExternalResources\assimp-master\test\unit\utRemoveVCProcess.cpp">
      <Filter>UnitTests\PostProcess</Filter>
    </ClCompile>
    <ClCompile Include="D:\Work\Github\OpenGLEngine\ExternalResources\assimp-master\test\unit\utScaleProcess.cpp">
      <Filter>UnitTests\PostProcess</Filter>
    </ClCompile>
    <ClCompile Include="D:\Work\Github\OpenGLEngine\ExternalResources\assimp-master\test\unit\utJoinVertices.cpp">
      <Filter>UnitTests\PostProcess</Filter>
    </ClCompile>
    <ClCompile Include="D:\Work\Github\OpenGLEngine\ExternalResources\assimp-master\test\unit\utRemoveComments.cpp">
      <Filter>UnitTests\PostProcess</Filter>
    </ClCompile>
    <ClCompile Include="D:\Work\Github\OpenGLEngine\ExternalResources\assimp-master\test\unit\utRemoveComponent.cpp">
      <Filter>UnitTests\PostProcess</Filter>
    </ClCompile>
    <ClCompile Include="D:\Work\Github\OpenGLEngine\ExternalResources\assimp-master\test\unit\utVertexTriangleAdjacency.cpp">
      <Filter>UnitTests\PostProcess</Filter>
    </ClCompile>
    <ClCompile Include="D:\Work\Github\OpenGLEngine\ExternalResources\assimp-master\test\unit\utSplitLargeMeshes.cpp">
      <Filter>UnitTests\PostProcess</Filter>
    </ClCompile>
    <ClCompile Include="D:\Work\Github\OpenGLEngine\ExternalResources\assimp-master\test\unit\utFindDegenerates.cpp">
      <Filter>UnitTests\PostProcess</Filter>
    </ClCompile>
    <ClCompile Include="D:\Work\Github\OpenGLEngine\ExternalResources\assimp-master\test\unit\utFindInvalidData.cpp">
      <Filter>UnitTests\PostProcess</Filter>
    </ClCompile>
    <ClCompile Include="D:\Work\Github\OpenGLEngine\ExternalResources\assimp-master\test\unit\utLimitBoneWeights.cpp">
      <Filter>UnitTests\PostProcess</Filter>
    </ClCompile>
    <ClCompile Include="D:\Work\Github\OpenGLEngine\ExternalResources\assimp-master\test\unit\utPretransformVertices.cpp">
      <Filter>UnitTests\PostProcess</Filter>
    </ClCompile>
    <ClCompile Include="D:\Work\Github\OpenGLEngine\ExternalResources\assimp-master\test\unit\utScenePreprocessor.cpp">
      <Filter>UnitTests\PostProcess</Filter>
    </ClCompile>
    <ClCompile Include="D:\Work\Github\OpenGLEngine\ExternalResources\assimp-master\test\unit\utTargetAnimation.cpp">
      <Filter>UnitTests\PostProcess</Filter>
    </ClCompile>
    <ClCompile Include="D:\Work\Github\OpenGLEngine\ExternalResources\assimp-master\test\unit\utSortByPType.cpp">
      <Filter>UnitTests\PostProcess</Filter>
    </ClCompile>
    <ClCompile Include="D:\Work\Github\OpenGLEngine\ExternalResources\assimp-master\test\unit\utSceneCombiner.cpp">
      <Filter>UnitTests\PostProcess</Filter>
    </ClCompile>
    <ClCompile Include="D:\Work\Github\OpenGLEngine\ExternalResources\assimp-master\test\unit\utGenBoundingBoxesProcess.cpp">
      <Filter>UnitTests\PostProcess</Filter>
    </ClCompile>
  </ItemGroup>
  <ItemGroup>
    <ClInclude Include="D:\Work\Github\OpenGLEngine\ExternalResources\assimp-master\test\unit\SceneDiffer.h">
      <Filter>UnitTests\Common</Filter>
    </ClInclude>
    <ClInclude Include="D:\Work\Github\OpenGLEngine\ExternalResources\assimp-master\test\unit\UTLogStream.h">
      <Filter>UnitTests\Common</Filter>
    </ClInclude>
    <ClInclude Include="D:\Work\Github\OpenGLEngine\ExternalResources\assimp-master\test\unit\TestIOSystem.h">
      <Filter>UnitTests\Common</Filter>
    </ClInclude>
    <ClInclude Include="D:\Work\Github\OpenGLEngine\ExternalResources\assimp-master\test\unit\TestModelFactory.h">
      <Filter>UnitTests\Common</Filter>
    </ClInclude>
  </ItemGroup>
  <ItemGroup>
    <CustomBuild Include="D:\Work\Github\OpenGLEngine\ExternalResources\assimp-master\test\CMakeLists.txt" />
  </ItemGroup>
  <ItemGroup>
    <Filter Include="Source Files">
      <UniqueIdentifier>{329C43F4-C891-36CC-8532-6F490B1BF805}</UniqueIdentifier>
    </Filter>
    <Filter Include="UnitTests">
      <UniqueIdentifier>{CD81D1B5-F99E-343E-B213-5D21D4F0CCDC}</UniqueIdentifier>
    </Filter>
    <Filter Include="UnitTests\Common">
      <UniqueIdentifier>{15828C1D-51FD-3DB5-BA13-64BD53D0F987}</UniqueIdentifier>
    </Filter>
    <Filter Include="UnitTests\Compiler">
      <UniqueIdentifier>{F5950CCD-E4A5-3F22-BDA9-0CAA30D2F0AE}</UniqueIdentifier>
    </Filter>
    <Filter Include="UnitTests\ImportExport">
      <UniqueIdentifier>{0542F979-C6CD-32A5-BC18-3AF4CD224FA6}</UniqueIdentifier>
    </Filter>
    <Filter Include="UnitTests\Material">
      <UniqueIdentifier>{AB913213-239B-3406-B35B-56EC8C6AC793}</UniqueIdentifier>
    </Filter>
    <Filter Include="UnitTests\Math">
      <UniqueIdentifier>{F0848752-1E82-37E8-89EC-6EA1F3123C46}</UniqueIdentifier>
    </Filter>
    <Filter Include="UnitTests\PostProcess">
      <UniqueIdentifier>{ED57E7EE-9D4B-36DD-9658-0AED6BA785BF}</UniqueIdentifier>
    </Filter>
  </ItemGroup>
</Project>
