Microsoft Visual Studio Solution File, Format Version 12.00
# Visual Studio 15
Project("{8BC9CEB8-8B4A-11D0-8D11-00A0C91BC942}") = "ALL_BUILD", "ALL_BUILD.vcxproj", "{109D2806-8F73-35EC-9BDB-ACAEB71A61D1}"
	ProjectSection(ProjectDependencies) = postProject
		{98C5FD4C-9D90-3ED1-AACE-A1A22947A0B9} = {98C5FD4C-9D90-3ED1-AACE-A1A22947A0B9}
		{4C0BEDE1-F0A6-34C5-AB93-2F511A16DA5A} = {4C0BEDE1-F0A6-34C5-AB93-2F511A16DA5A}
		{A960A434-F3AF-32D3-ADDC-97AC3F9F3878} = {A960A434-F3AF-32D3-ADDC-97AC3F9F3878}
		{2A9DB7EE-2D07-3528-8F42-9B5BDDE25934} = {2A9DB7EE-2D07-3528-8F42-9B5BDDE25934}
		{2D0F8F3C-90BA-30A7-85CB-D83397DBA8C1} = {2D0F8F3C-90BA-30A7-85CB-D83397DBA8C1}
		{086113FB-BE4F-3D18-89C3-C773475E73E8} = {086113FB-BE4F-3D18-89C3-C773475E73E8}
		{0AA82220-A8BA-3DFA-A88D-6787FA9ED799} = {0AA82220-A8BA-3DFA-A88D-6787FA9ED799}
		{8EDAEDA9-CAA3-3287-AC07-E3EDFD159E17} = {8EDAEDA9-CAA3-3287-AC07-E3EDFD159E17}
	EndProjectSection
EndProject
Project("{8BC9CEB8-8B4A-11D0-8D11-00A0C91BC942}") = "INSTALL", "INSTALL.vcxproj", "{C9701E5D-78AD-36E8-B30E-B4BFB97AB2B4}"
	ProjectSection(ProjectDependencies) = postProject
		{109D2806-8F73-35EC-9BDB-ACAEB71A61D1} = {109D2806-8F73-35EC-9BDB-ACAEB71A61D1}
		{4C0BEDE1-F0A6-34C5-AB93-2F511A16DA5A} = {4C0BEDE1-F0A6-34C5-AB93-2F511A16DA5A}
	EndProjectSection
EndProject
Project("{8BC9CEB8-8B4A-11D0-8D11-00A0C91BC942}") = "IrrXML", "contrib\irrXML\IrrXML.vcxproj", "{98C5FD4C-9D90-3ED1-AACE-A1A22947A0B9}"
	ProjectSection(ProjectDependencies) = postProject
		{4C0BEDE1-F0A6-34C5-AB93-2F511A16DA5A} = {4C0BEDE1-F0A6-34C5-AB93-2F511A16DA5A}
	EndProjectSection
EndProject
Project("{8BC9CEB8-8B4A-11D0-8D11-00A0C91BC942}") = "UpdateAssimpLibsDebugSymbolsAndDLLs", "UpdateAssimpLibsDebugSymbolsAndDLLs.vcxproj", "{3A6BECAB-0F32-3430-A74A-1EBC1FCFEDF9}"
	ProjectSection(ProjectDependencies) = postProject
		{4C0BEDE1-F0A6-34C5-AB93-2F511A16DA5A} = {4C0BEDE1-F0A6-34C5-AB93-2F511A16DA5A}
	EndProjectSection
EndProject
Project("{8BC9CEB8-8B4A-11D0-8D11-00A0C91BC942}") = "ZERO_CHECK", "ZERO_CHECK.vcxproj", "{4C0BEDE1-F0A6-34C5-AB93-2F511A16DA5A}"
	ProjectSection(ProjectDependencies) = postProject
	EndProjectSection
EndProject
Project("{8BC9CEB8-8B4A-11D0-8D11-00A0C91BC942}") = "assimp", "code\assimp.vcxproj", "{A960A434-F3AF-32D3-ADDC-97AC3F9F3878}"
	ProjectSection(ProjectDependencies) = postProject
		{98C5FD4C-9D90-3ED1-AACE-A1A22947A0B9} = {98C5FD4C-9D90-3ED1-AACE-A1A22947A0B9}
		{4C0BEDE1-F0A6-34C5-AB93-2F511A16DA5A} = {4C0BEDE1-F0A6-34C5-AB93-2F511A16DA5A}
		{8EDAEDA9-CAA3-3287-AC07-E3EDFD159E17} = {8EDAEDA9-CAA3-3287-AC07-E3EDFD159E17}
	EndProjectSection
EndProject
Project("{8BC9CEB8-8B4A-11D0-8D11-00A0C91BC942}") = "assimp_cmd", "tools\assimp_cmd\assimp_cmd.vcxproj", "{2A9DB7EE-2D07-3528-8F42-9B5BDDE25934}"
	ProjectSection(ProjectDependencies) = postProject
		{98C5FD4C-9D90-3ED1-AACE-A1A22947A0B9} = {98C5FD4C-9D90-3ED1-AACE-A1A22947A0B9}
		{4C0BEDE1-F0A6-34C5-AB93-2F511A16DA5A} = {4C0BEDE1-F0A6-34C5-AB93-2F511A16DA5A}
		{A960A434-F3AF-32D3-ADDC-97AC3F9F3878} = {A960A434-F3AF-32D3-ADDC-97AC3F9F3878}
		{8EDAEDA9-CAA3-3287-AC07-E3EDFD159E17} = {8EDAEDA9-CAA3-3287-AC07-E3EDFD159E17}
	EndProjectSection
EndProject
Project("{8BC9CEB8-8B4A-11D0-8D11-00A0C91BC942}") = "assimp_viewer", "tools\assimp_view\assimp_viewer.vcxproj", "{2D0F8F3C-90BA-30A7-85CB-D83397DBA8C1}"
	ProjectSection(ProjectDependencies) = postProject
		{98C5FD4C-9D90-3ED1-AACE-A1A22947A0B9} = {98C5FD4C-9D90-3ED1-AACE-A1A22947A0B9}
		{4C0BEDE1-F0A6-34C5-AB93-2F511A16DA5A} = {4C0BEDE1-F0A6-34C5-AB93-2F511A16DA5A}
		{A960A434-F3AF-32D3-ADDC-97AC3F9F3878} = {A960A434-F3AF-32D3-ADDC-97AC3F9F3878}
		{8EDAEDA9-CAA3-3287-AC07-E3EDFD159E17} = {8EDAEDA9-CAA3-3287-AC07-E3EDFD159E17}
	EndProjectSection
EndProject
Project("{8BC9CEB8-8B4A-11D0-8D11-00A0C91BC942}") = "uninstall", "uninstall.vcxproj", "{E05AE31E-D19C-3E95-BCA8-9F4D7051985C}"
	ProjectSection(ProjectDependencies) = postProject
		{4C0BEDE1-F0A6-34C5-AB93-2F511A16DA5A} = {4C0BEDE1-F0A6-34C5-AB93-2F511A16DA5A}
	EndProjectSection
EndProject
Project("{8BC9CEB8-8B4A-11D0-8D11-00A0C91BC942}") = "unit", "test\unit.vcxproj", "{086113FB-BE4F-3D18-89C3-C773475E73E8}"
	ProjectSection(ProjectDependencies) = postProject
		{98C5FD4C-9D90-3ED1-AACE-A1A22947A0B9} = {98C5FD4C-9D90-3ED1-AACE-A1A22947A0B9}
		{4C0BEDE1-F0A6-34C5-AB93-2F511A16DA5A} = {4C0BEDE1-F0A6-34C5-AB93-2F511A16DA5A}
		{A960A434-F3AF-32D3-ADDC-97AC3F9F3878} = {A960A434-F3AF-32D3-ADDC-97AC3F9F3878}
		{8EDAEDA9-CAA3-3287-AC07-E3EDFD159E17} = {8EDAEDA9-CAA3-3287-AC07-E3EDFD159E17}
	EndProjectSection
EndProject
Project("{8BC9CEB8-8B4A-11D0-8D11-00A0C91BC942}") = "zlib", "contrib\zlib\zlib.vcxproj", "{0AA82220-A8BA-3DFA-A88D-6787FA9ED799}"
	ProjectSection(ProjectDependencies) = postProject
		{4C0BEDE1-F0A6-34C5-AB93-2F511A16DA5A} = {4C0BEDE1-F0A6-34C5-AB93-2F511A16DA5A}
	EndProjectSection
EndProject
Project("{8BC9CEB8-8B4A-11D0-8D11-00A0C91BC942}") = "zlibstatic", "contrib\zlib\zlibstatic.vcxproj", "{8EDAEDA9-CAA3-3287-AC07-E3EDFD159E17}"
	ProjectSection(ProjectDependencies) = postProject
		{4C0BEDE1-F0A6-34C5-AB93-2F511A16DA5A} = {4C0BEDE1-F0A6-34C5-AB93-2F511A16DA5A}
	EndProjectSection
EndProject
Global
	GlobalSection(SolutionConfigurationPlatforms) = preSolution
		Debug|Win32 = Debug|Win32
		Release|Win32 = Release|Win32
		MinSizeRel|Win32 = MinSizeRel|Win32
		RelWithDebInfo|Win32 = RelWithDebInfo|Win32
	EndGlobalSection
	GlobalSection(ProjectConfigurationPlatforms) = postSolution
		{109D2806-8F73-35EC-9BDB-ACAEB71A61D1}.Debug|Win32.ActiveCfg = Debug|Win32
		{109D2806-8F73-35EC-9BDB-ACAEB71A61D1}.Debug|Win32.Build.0 = Debug|Win32
		{109D2806-8F73-35EC-9BDB-ACAEB71A61D1}.Release|Win32.ActiveCfg = Release|Win32
		{109D2806-8F73-35EC-9BDB-ACAEB71A61D1}.Release|Win32.Build.0 = Release|Win32
		{109D2806-8F73-35EC-9BDB-ACAEB71A61D1}.MinSizeRel|Win32.ActiveCfg = MinSizeRel|Win32
		{109D2806-8F73-35EC-9BDB-ACAEB71A61D1}.MinSizeRel|Win32.Build.0 = MinSizeRel|Win32
		{109D2806-8F73-35EC-9BDB-ACAEB71A61D1}.RelWithDebInfo|Win32.ActiveCfg = RelWithDebInfo|Win32
		{109D2806-8F73-35EC-9BDB-ACAEB71A61D1}.RelWithDebInfo|Win32.Build.0 = RelWithDebInfo|Win32
		{C9701E5D-78AD-36E8-B30E-B4BFB97AB2B4}.Debug|Win32.ActiveCfg = Debug|Win32
		{C9701E5D-78AD-36E8-B30E-B4BFB97AB2B4}.Release|Win32.ActiveCfg = Release|Win32
		{C9701E5D-78AD-36E8-B30E-B4BFB97AB2B4}.MinSizeRel|Win32.ActiveCfg = MinSizeRel|Win32
		{C9701E5D-78AD-36E8-B30E-B4BFB97AB2B4}.RelWithDebInfo|Win32.ActiveCfg = RelWithDebInfo|Win32
		{98C5FD4C-9D90-3ED1-AACE-A1A22947A0B9}.Debug|Win32.ActiveCfg = Debug|Win32
		{98C5FD4C-9D90-3ED1-AACE-A1A22947A0B9}.Debug|Win32.Build.0 = Debug|Win32
		{98C5FD4C-9D90-3ED1-AACE-A1A22947A0B9}.Release|Win32.ActiveCfg = Release|Win32
		{98C5FD4C-9D90-3ED1-AACE-A1A22947A0B9}.Release|Win32.Build.0 = Release|Win32
		{98C5FD4C-9D90-3ED1-AACE-A1A22947A0B9}.MinSizeRel|Win32.ActiveCfg = MinSizeRel|Win32
		{98C5FD4C-9D90-3ED1-AACE-A1A22947A0B9}.MinSizeRel|Win32.Build.0 = MinSizeRel|Win32
		{98C5FD4C-9D90-3ED1-AACE-A1A22947A0B9}.RelWithDebInfo|Win32.ActiveCfg = RelWithDebInfo|Win32
		{98C5FD4C-9D90-3ED1-AACE-A1A22947A0B9}.RelWithDebInfo|Win32.Build.0 = RelWithDebInfo|Win32
		{3A6BECAB-0F32-3430-A74A-1EBC1FCFEDF9}.Debug|Win32.ActiveCfg = Debug|Win32
		{3A6BECAB-0F32-3430-A74A-1EBC1FCFEDF9}.Release|Win32.ActiveCfg = Release|Win32
		{3A6BECAB-0F32-3430-A74A-1EBC1FCFEDF9}.MinSizeRel|Win32.ActiveCfg = MinSizeRel|Win32
		{3A6BECAB-0F32-3430-A74A-1EBC1FCFEDF9}.RelWithDebInfo|Win32.ActiveCfg = RelWithDebInfo|Win32
		{4C0BEDE1-F0A6-34C5-AB93-2F511A16DA5A}.Debug|Win32.ActiveCfg = Debug|Win32
		{4C0BEDE1-F0A6-34C5-AB93-2F511A16DA5A}.Debug|Win32.Build.0 = Debug|Win32
		{4C0BEDE1-F0A6-34C5-AB93-2F511A16DA5A}.Release|Win32.ActiveCfg = Release|Win32
		{4C0BEDE1-F0A6-34C5-AB93-2F511A16DA5A}.Release|Win32.Build.0 = Release|Win32
		{4C0BEDE1-F0A6-34C5-AB93-2F511A16DA5A}.MinSizeRel|Win32.ActiveCfg = MinSizeRel|Win32
		{4C0BEDE1-F0A6-34C5-AB93-2F511A16DA5A}.MinSizeRel|Win32.Build.0 = MinSizeRel|Win32
		{4C0BEDE1-F0A6-34C5-AB93-2F511A16DA5A}.RelWithDebInfo|Win32.ActiveCfg = RelWithDebInfo|Win32
		{4C0BEDE1-F0A6-34C5-AB93-2F511A16DA5A}.RelWithDebInfo|Win32.Build.0 = RelWithDebInfo|Win32
		{A960A434-F3AF-32D3-ADDC-97AC3F9F3878}.Debug|Win32.ActiveCfg = Debug|Win32
		{A960A434-F3AF-32D3-ADDC-97AC3F9F3878}.Debug|Win32.Build.0 = Debug|Win32
		{A960A434-F3AF-32D3-ADDC-97AC3F9F3878}.Release|Win32.ActiveCfg = Release|Win32
		{A960A434-F3AF-32D3-ADDC-97AC3F9F3878}.Release|Win32.Build.0 = Release|Win32
		{A960A434-F3AF-32D3-ADDC-97AC3F9F3878}.MinSizeRel|Win32.ActiveCfg = MinSizeRel|Win32
		{A960A434-F3AF-32D3-ADDC-97AC3F9F3878}.MinSizeRel|Win32.Build.0 = MinSizeRel|Win32
		{A960A434-F3AF-32D3-ADDC-97AC3F9F3878}.RelWithDebInfo|Win32.ActiveCfg = RelWithDebInfo|Win32
		{A960A434-F3AF-32D3-ADDC-97AC3F9F3878}.RelWithDebInfo|Win32.Build.0 = RelWithDebInfo|Win32
		{2A9DB7EE-2D07-3528-8F42-9B5BDDE25934}.Debug|Win32.ActiveCfg = Debug|Win32
		{2A9DB7EE-2D07-3528-8F42-9B5BDDE25934}.Debug|Win32.Build.0 = Debug|Win32
		{2A9DB7EE-2D07-3528-8F42-9B5BDDE25934}.Release|Win32.ActiveCfg = Release|Win32
		{2A9DB7EE-2D07-3528-8F42-9B5BDDE25934}.Release|Win32.Build.0 = Release|Win32
		{2A9DB7EE-2D07-3528-8F42-9B5BDDE25934}.MinSizeRel|Win32.ActiveCfg = MinSizeRel|Win32
		{2A9DB7EE-2D07-3528-8F42-9B5BDDE25934}.MinSizeRel|Win32.Build.0 = MinSizeRel|Win32
		{2A9DB7EE-2D07-3528-8F42-9B5BDDE25934}.RelWithDebInfo|Win32.ActiveCfg = RelWithDebInfo|Win32
		{2A9DB7EE-2D07-3528-8F42-9B5BDDE25934}.RelWithDebInfo|Win32.Build.0 = RelWithDebInfo|Win32
		{2D0F8F3C-90BA-30A7-85CB-D83397DBA8C1}.Debug|Win32.ActiveCfg = Debug|Win32
		{2D0F8F3C-90BA-30A7-85CB-D83397DBA8C1}.Debug|Win32.Build.0 = Debug|Win32
		{2D0F8F3C-90BA-30A7-85CB-D83397DBA8C1}.Release|Win32.ActiveCfg = Release|Win32
		{2D0F8F3C-90BA-30A7-85CB-D83397DBA8C1}.Release|Win32.Build.0 = Release|Win32
		{2D0F8F3C-90BA-30A7-85CB-D83397DBA8C1}.MinSizeRel|Win32.ActiveCfg = MinSizeRel|Win32
		{2D0F8F3C-90BA-30A7-85CB-D83397DBA8C1}.MinSizeRel|Win32.Build.0 = MinSizeRel|Win32
		{2D0F8F3C-90BA-30A7-85CB-D83397DBA8C1}.RelWithDebInfo|Win32.ActiveCfg = RelWithDebInfo|Win32
		{2D0F8F3C-90BA-30A7-85CB-D83397DBA8C1}.RelWithDebInfo|Win32.Build.0 = RelWithDebInfo|Win32
		{E05AE31E-D19C-3E95-BCA8-9F4D7051985C}.Debug|Win32.ActiveCfg = Debug|Win32
		{E05AE31E-D19C-3E95-BCA8-9F4D7051985C}.Release|Win32.ActiveCfg = Release|Win32
		{E05AE31E-D19C-3E95-BCA8-9F4D7051985C}.MinSizeRel|Win32.ActiveCfg = MinSizeRel|Win32
		{E05AE31E-D19C-3E95-BCA8-9F4D7051985C}.RelWithDebInfo|Win32.ActiveCfg = RelWithDebInfo|Win32
		{086113FB-BE4F-3D18-89C3-C773475E73E8}.Debug|Win32.ActiveCfg = Debug|Win32
		{086113FB-BE4F-3D18-89C3-C773475E73E8}.Debug|Win32.Build.0 = Debug|Win32
		{086113FB-BE4F-3D18-89C3-C773475E73E8}.Release|Win32.ActiveCfg = Release|Win32
		{086113FB-BE4F-3D18-89C3-C773475E73E8}.Release|Win32.Build.0 = Release|Win32
		{086113FB-BE4F-3D18-89C3-C773475E73E8}.MinSizeRel|Win32.ActiveCfg = MinSizeRel|Win32
		{086113FB-BE4F-3D18-89C3-C773475E73E8}.MinSizeRel|Win32.Build.0 = MinSizeRel|Win32
		{086113FB-BE4F-3D18-89C3-C773475E73E8}.RelWithDebInfo|Win32.ActiveCfg = RelWithDebInfo|Win32
		{086113FB-BE4F-3D18-89C3-C773475E73E8}.RelWithDebInfo|Win32.Build.0 = RelWithDebInfo|Win32
		{0AA82220-A8BA-3DFA-A88D-6787FA9ED799}.Debug|Win32.ActiveCfg = Debug|Win32
		{0AA82220-A8BA-3DFA-A88D-6787FA9ED799}.Debug|Win32.Build.0 = Debug|Win32
		{0AA82220-A8BA-3DFA-A88D-6787FA9ED799}.Release|Win32.ActiveCfg = Release|Win32
		{0AA82220-A8BA-3DFA-A88D-6787FA9ED799}.Release|Win32.Build.0 = Release|Win32
		{0AA82220-A8BA-3DFA-A88D-6787FA9ED799}.MinSizeRel|Win32.ActiveCfg = MinSizeRel|Win32
		{0AA82220-A8BA-3DFA-A88D-6787FA9ED799}.MinSizeRel|Win32.Build.0 = MinSizeRel|Win32
		{0AA82220-A8BA-3DFA-A88D-6787FA9ED799}.RelWithDebInfo|Win32.ActiveCfg = RelWithDebInfo|Win32
		{0AA82220-A8BA-3DFA-A88D-6787FA9ED799}.RelWithDebInfo|Win32.Build.0 = RelWithDebInfo|Win32
		{8EDAEDA9-CAA3-3287-AC07-E3EDFD159E17}.Debug|Win32.ActiveCfg = Debug|Win32
		{8EDAEDA9-CAA3-3287-AC07-E3EDFD159E17}.Debug|Win32.Build.0 = Debug|Win32
		{8EDAEDA9-CAA3-3287-AC07-E3EDFD159E17}.Release|Win32.ActiveCfg = Release|Win32
		{8EDAEDA9-CAA3-3287-AC07-E3EDFD159E17}.Release|Win32.Build.0 = Release|Win32
		{8EDAEDA9-CAA3-3287-AC07-E3EDFD159E17}.MinSizeRel|Win32.ActiveCfg = MinSizeRel|Win32
		{8EDAEDA9-CAA3-3287-AC07-E3EDFD159E17}.MinSizeRel|Win32.Build.0 = MinSizeRel|Win32
		{8EDAEDA9-CAA3-3287-AC07-E3EDFD159E17}.RelWithDebInfo|Win32.ActiveCfg = RelWithDebInfo|Win32
		{8EDAEDA9-CAA3-3287-AC07-E3EDFD159E17}.RelWithDebInfo|Win32.Build.0 = RelWithDebInfo|Win32
	EndGlobalSection
	GlobalSection(ExtensibilityGlobals) = postSolution
		SolutionGuid = {8F34D3B5-C71F-345D-B4B5-01C370489D2B}
	EndGlobalSection
	GlobalSection(ExtensibilityAddIns) = postSolution
	EndGlobalSection
EndGlobal
